
Microsoft Visual Studio Solution File, Format Version 12.00
# Visual Studio Version 16
VisualStudioVersion = 16.0.29920.165
MinimumVisualStudioVersion = 10.0.40219.1
Project("{9A19103F-16F7-4668-BE54-9A1E7A4F7556}") = "Floberbed", "Floberbed\Floberbed.csproj", "{03D61234-5CC2-474D-8194-495A189F368D}"
EndProject
Project("{9A19103F-16F7-4668-BE54-9A1E7A4F7556}") = "Domain", "Domain\Domain.csproj", "{6A48339E-1911-4EB3-8894-CB09E6D7C08A}"
EndProject
Project("{FAE04EC0-301F-11D3-BF4B-00C04F79EFBC}") = "Infrastructure", "Infrastructure\Infrastructure.csproj", "{9144489C-3045-49C3-87A3-9C00DCAF5610}"
EndProject
Global
	GlobalSection(SolutionConfigurationPlatforms) = preSolution
		Debug|Any CPU = Debug|Any CPU
		Release|Any CPU = Release|Any CPU
	EndGlobalSection
	GlobalSection(ProjectConfigurationPlatforms) = postSolution
		{03D61234-5CC2-474D-8194-495A189F368D}.Debug|Any CPU.ActiveCfg = Debug|Any CPU
		{03D61234-5CC2-474D-8194-495A189F368D}.Debug|Any CPU.Build.0 = Debug|Any CPU
		{03D61234-5CC2-474D-8194-495A189F368D}.Release|Any CPU.ActiveCfg = Release|Any CPU
		{03D61234-5CC2-474D-8194-495A189F368D}.Release|Any CPU.Build.0 = Release|Any CPU
		{6A48339E-1911-4EB3-8894-CB09E6D7C08A}.Debug|Any CPU.ActiveCfg = Debug|Any CPU
		{6A48339E-1911-4EB3-8894-CB09E6D7C08A}.Debug|Any CPU.Build.0 = Debug|Any CPU
		{6A48339E-1911-4EB3-8894-CB09E6D7C08A}.Release|Any CPU.ActiveCfg = Release|Any CPU
		{6A48339E-1911-4EB3-8894-CB09E6D7C08A}.Release|Any CPU.Build.0 = Release|Any CPU
		{9144489C-3045-49C3-87A3-9C00DCAF5610}.Debug|Any CPU.ActiveCfg = Debug|Any CPU
		{9144489C-3045-49C3-87A3-9C00DCAF5610}.Debug|Any CPU.Build.0 = Debug|Any CPU
		{9144489C-3045-49C3-87A3-9C00DCAF5610}.Release|Any CPU.ActiveCfg = Release|Any CPU
		{9144489C-3045-49C3-87A3-9C00DCAF5610}.Release|Any CPU.Build.0 = Release|Any CPU
	EndGlobalSection
	GlobalSection(SolutionProperties) = preSolution
		HideSolutionNode = FALSE
	EndGlobalSection
	GlobalSection(ExtensibilityGlobals) = postSolution
		SolutionGuid = {1DF9C442-196F-4C08-A63B-860ABF072D06}
	EndGlobalSection
EndGlobal
